
Microsoft Visual Studio Solution File, Format Version 12.00
# Visual Studio Version 17
VisualStudioVersion = 17.6.33815.320
MinimumVisualStudioVersion = 10.0.40219.1
Project("{FAE04EC0-301F-11D3-BF4B-00C04F79EFBC}") = "TaskMultiThreading", "TaskMultiThreading\TaskMultiThreading.csproj", "{36A5B25A-927E-416B-82E8-BADAF1B1260E}"
EndProject
Global
	GlobalSection(SolutionConfigurationPlatforms) = preSolution
		Debug|Any CPU = Debug|Any CPU
		Release|Any CPU = Release|Any CPU
	EndGlobalSection
	GlobalSection(ProjectConfigurationPlatforms) = postSolution
		{36A5B25A-927E-416B-82E8-BADAF1B1260E}.Debug|Any CPU.ActiveCfg = Debug|Any CPU
		{36A5B25A-927E-416B-82E8-BADAF1B1260E}.Debug|Any CPU.Build.0 = Debug|Any CPU
		{36A5B25A-927E-416B-82E8-BADAF1B1260E}.Release|Any CPU.ActiveCfg = Release|Any CPU
		{36A5B25A-927E-416B-82E8-BADAF1B1260E}.Release|Any CPU.Build.0 = Release|Any CPU
	EndGlobalSection
	GlobalSection(SolutionProperties) = preSolution
		HideSolutionNode = FALSE
	EndGlobalSection
	GlobalSection(ExtensibilityGlobals) = postSolution
		SolutionGuid = {7C929765-CB89-4AE8-918D-5FE0481890E2}
	EndGlobalSection
EndGlobal
